
Microsoft Visual Studio Solution File, Format Version 12.00
# Visual Studio Version 16
VisualStudioVersion = 16.0.31729.503
MinimumVisualStudioVersion = 10.0.40219.1
Project("{FAE04EC0-301F-11D3-BF4B-00C04F79EFBC}") = "Lab1", "Lab1.csproj", "{FFB29B85-EFCE-45FD-B573-D1B9D1834CF1}"
EndProject
Global
	GlobalSection(SolutionConfigurationPlatforms) = preSolution
		Debug|Any CPU = Debug|Any CPU
		Release|Any CPU = Release|Any CPU
	EndGlobalSection
	GlobalSection(ProjectConfigurationPlatforms) = postSolution
		{FFB29B85-EFCE-45FD-B573-D1B9D1834CF1}.Debug|Any CPU.ActiveCfg = Debug|Any CPU
		{FFB29B85-EFCE-45FD-B573-D1B9D1834CF1}.Debug|Any CPU.Build.0 = Debug|Any CPU
		{FFB29B85-EFCE-45FD-B573-D1B9D1834CF1}.Release|Any CPU.ActiveCfg = Release|Any CPU
		{FFB29B85-EFCE-45FD-B573-D1B9D1834CF1}.Release|Any CPU.Build.0 = Release|Any CPU
	EndGlobalSection
	GlobalSection(SolutionProperties) = preSolution
		HideSolutionNode = FALSE
	EndGlobalSection
	GlobalSection(ExtensibilityGlobals) = postSolution
		SolutionGuid = {89095E77-6744-4C88-B341-0E83D888F3A4}
	EndGlobalSection
EndGlobal
