
Microsoft Visual Studio Solution File, Format Version 12.00
# Visual Studio Version 16
VisualStudioVersion = 16.0.31729.503
MinimumVisualStudioVersion = 10.0.40219.1
Project("{FAE04EC0-301F-11D3-BF4B-00C04F79EFBC}") = "ESTeCard", "ESTeCard.csproj", "{565C2427-B713-488E-9681-23440A4DDD3D}"
EndProject
Global
	GlobalSection(SolutionConfigurationPlatforms) = preSolution
		Debug|Any CPU = Debug|Any CPU
		Release|Any CPU = Release|Any CPU
	EndGlobalSection
	GlobalSection(ProjectConfigurationPlatforms) = postSolution
		{565C2427-B713-488E-9681-23440A4DDD3D}.Debug|Any CPU.ActiveCfg = Debug|Any CPU
		{565C2427-B713-488E-9681-23440A4DDD3D}.Debug|Any CPU.Build.0 = Debug|Any CPU
		{565C2427-B713-488E-9681-23440A4DDD3D}.Release|Any CPU.ActiveCfg = Release|Any CPU
		{565C2427-B713-488E-9681-23440A4DDD3D}.Release|Any CPU.Build.0 = Release|Any CPU
	EndGlobalSection
	GlobalSection(SolutionProperties) = preSolution
		HideSolutionNode = FALSE
	EndGlobalSection
	GlobalSection(ExtensibilityGlobals) = postSolution
		SolutionGuid = {FA3F286A-67A4-4ACD-A3D3-1E30AD28ACA8}
	EndGlobalSection
EndGlobal
