
Microsoft Visual Studio Solution File, Format Version 12.00
# Visual Studio Version 17
VisualStudioVersion = 17.0.31912.275
MinimumVisualStudioVersion = 10.0.40219.1
Project("{9A19103F-16F7-4668-BE54-9A1E7A4F7556}") = "ESTeSoccer", "ESTeSoccer\ESTeSoccer.csproj", "{20E3BC03-62C4-4F49-BE9B-EAA2AD80236C}"
EndProject
Project("{FAE04EC0-301F-11D3-BF4B-00C04F79EFBC}") = "ESTeSoccerClient", "ESTeSoccerClient\ESTeSoccerClient.csproj", "{D260698B-6B5F-4CD7-B475-52B459D82419}"
EndProject
Global
	GlobalSection(SolutionConfigurationPlatforms) = preSolution
		Debug|Any CPU = Debug|Any CPU
		Release|Any CPU = Release|Any CPU
	EndGlobalSection
	GlobalSection(ProjectConfigurationPlatforms) = postSolution
		{20E3BC03-62C4-4F49-BE9B-EAA2AD80236C}.Debug|Any CPU.ActiveCfg = Debug|Any CPU
		{20E3BC03-62C4-4F49-BE9B-EAA2AD80236C}.Debug|Any CPU.Build.0 = Debug|Any CPU
		{20E3BC03-62C4-4F49-BE9B-EAA2AD80236C}.Release|Any CPU.ActiveCfg = Release|Any CPU
		{20E3BC03-62C4-4F49-BE9B-EAA2AD80236C}.Release|Any CPU.Build.0 = Release|Any CPU
		{D260698B-6B5F-4CD7-B475-52B459D82419}.Debug|Any CPU.ActiveCfg = Debug|Any CPU
		{D260698B-6B5F-4CD7-B475-52B459D82419}.Debug|Any CPU.Build.0 = Debug|Any CPU
		{D260698B-6B5F-4CD7-B475-52B459D82419}.Release|Any CPU.ActiveCfg = Release|Any CPU
		{D260698B-6B5F-4CD7-B475-52B459D82419}.Release|Any CPU.Build.0 = Release|Any CPU
	EndGlobalSection
	GlobalSection(SolutionProperties) = preSolution
		HideSolutionNode = FALSE
	EndGlobalSection
	GlobalSection(ExtensibilityGlobals) = postSolution
		SolutionGuid = {D4559B06-7F59-49EA-83D8-910E6AB7C0E9}
	EndGlobalSection
EndGlobal
